PODS:
  - blemulator (1.0.0):
    - Flutter
    - MultiplatformBleAdapter (= 0.1.4)
  - Flutter (1.0.0)
  - flutter_ble_lib (2.2.0):
    - Flutter
    - MultiplatformBleAdapter (= 0.1.4)
  - MultiplatformBleAdapter (0.1.4)
  - "permission_handler (4.2.0+hotfix.3)":
    - Flutter

DEPENDENCIES:
  - blemulator (from `.symlinks/plugins/blemulator/ios`)
  - Flutter (from `Flutter`)
  - flutter_ble_lib (from `.symlinks/plugins/flutter_ble_lib/ios`)
  - permission_handler (from `.symlinks/plugins/permission_handler/ios`)

SPEC REPOS:
  trunk:
    - MultiplatformBleAdapter

EXTERNAL SOURCES:
  blemulator:
    :path: ".symlinks/plugins/blemulator/ios"
  Flutter:
    :path: Flutter
  flutter_ble_lib:
    :path: ".symlinks/plugins/flutter_ble_lib/ios"
  permission_handler:
    :path: ".symlinks/plugins/permission_handler/ios"

SPEC CHECKSUMS:
  blemulator: 6dd03d6796aca3c95f82d8f8c32886f0b662c8b6
  Flutter: 0e3d915762c693b495b44d77113d4970485de6ec
  flutter_ble_lib: e62d41742b1bb0039cb4458ac8e96404baf9155a
  MultiplatformBleAdapter: 1ef6e0c8d11f753c56cbad1654b36c8e24142648
  permission_handler: 40520ab8ad1bb78a282b832464e995ec87f77ec6

PODFILE CHECKSUM: 1b66dae606f75376c5f2135a8290850eeb09ae83

COCOAPODS: 1.8.4
