PODS:
  - blemulator (0.0.1):
    - Flutter
    - MultiplatformBleAdapter (= 0.0.4)
  - Flutter (1.0.0)
  - flutter_ble_lib (0.0.1):
    - Flutter
    - MultiplatformBleAdapter (= 0.0.4)
  - MultiplatformBleAdapter (0.0.4)

DEPENDENCIES:
  - blemulator (from `.symlinks/plugins/blemulator/ios`)
  - Flutter (from `Flutter`)
  - flutter_ble_lib (from `.symlinks/plugins/flutter_ble_lib/ios`)

SPEC REPOS:
  https://github.com/CocoaPods/Specs.git:
    - MultiplatformBleAdapter

EXTERNAL SOURCES:
  blemulator:
    :path: ".symlinks/plugins/blemulator/ios"
  Flutter:
    :path: Flutter
  flutter_ble_lib:
    :path: ".symlinks/plugins/flutter_ble_lib/ios"

SPEC CHECKSUMS:
  blemulator: 012650fdcaa11e45be8946da5aafa0c944cdc233
  Flutter: 0e3d915762c693b495b44d77113d4970485de6ec
  flutter_ble_lib: 9b0fcef11a0cb8432317e445c4cd413f9cab3b08
  MultiplatformBleAdapter: 1beec49bbd1585505a73d4bbf649e05a55dbd85e

PODFILE CHECKSUM: 1b66dae606f75376c5f2135a8290850eeb09ae83

COCOAPODS: 1.8.4
